PODS:
  - AFNetworking (3.2.1):
    - AFNetworking/NSURLSession (= 3.2.1)
    - AFNetworking/Reachability (= 3.2.1)
    - AFNetworking/Security (= 3.2.1)
    - AFNetworking/Serialization (= 3.2.1)
    - AFNetworking/UIKit (= 3.2.1)
  - AFNetworking/NSURLSession (3.2.1):
    - AFNetworking/Reachability
    - AFNetworking/Security
    - AFNetworking/Serialization
  - AFNetworking/Reachability (3.2.1)
  - AFNetworking/Security (3.2.1)
  - AFNetworking/Serialization (3.2.1)
  - AFNetworking/UIKit (3.2.1):
    - AFNetworking/NSURLSession
  - DYNetwork (0.1.0):
    - AFNetworking
    - DYNetwork/DYNetworkConfig (= 0.1.0)
    - DYNetwork/DYNetworkLogger (= 0.1.0)
    - DYNetwork/DYNetworkManager (= 0.1.0)
    - DYNetwork/DYNetworkProtocol (= 0.1.0)
    - DYNetwork/DYNetworkRequest (= 0.1.0)
    - DYNetwork/DYNetworkResponse (= 0.1.0)
  - DYNetwork/DYNetworkConfig (0.1.0):
    - AFNetworking
  - DYNetwork/DYNetworkLogger (0.1.0):
    - AFNetworking
  - DYNetwork/DYNetworkManager (0.1.0):
    - AFNetworking
  - DYNetwork/DYNetworkProtocol (0.1.0):
    - AFNetworking
  - DYNetwork/DYNetworkRequest (0.1.0):
    - AFNetworking
  - DYNetwork/DYNetworkResponse (0.1.0):
    - AFNetworking
  - MBProgressHUD (1.1.0)

DEPENDENCIES:
  - DYNetwork (from `../`)
  - MBProgressHUD

SPEC REPOS:
  https://github.com/cocoapods/specs.git:
    - AFNetworking
    - MBProgressHUD

EXTERNAL SOURCES:
  DYNetwork:
    :path: "../"

SPEC CHECKSUMS:
  AFNetworking: b6f891fdfaed196b46c7a83cf209e09697b94057
  DYNetwork: 71ebc127927576bfce97ac81e070c41c5a90675c
  MBProgressHUD: e7baa36a220447d8aeb12769bf0585582f3866d9

PODFILE CHECKSUM: 184f537783f8bf04f51af5793f7e5d8adc39288f

COCOAPODS: 1.6.1
